
Microsoft Visual Studio Solution File, Format Version 12.00
Project("{FAE04EC0-301F-11D3-BF4B-00C04F79EFBC}") = "ContentManagementApi", "ContentManagementApi\ContentManagementApi.csproj", "{0384A0DB-C6F3-4EF9-8FB1-CEA507DA869B}"
EndProject
Global
	GlobalSection(SolutionConfigurationPlatforms) = preSolution
		Debug|Any CPU = Debug|Any CPU
		Release|Any CPU = Release|Any CPU
	EndGlobalSection
	GlobalSection(ProjectConfigurationPlatforms) = postSolution
		{0384A0DB-C6F3-4EF9-8FB1-CEA507DA869B}.Debug|Any CPU.ActiveCfg = Debug|Any CPU
		{0384A0DB-C6F3-4EF9-8FB1-CEA507DA869B}.Debug|Any CPU.Build.0 = Debug|Any CPU
		{0384A0DB-C6F3-4EF9-8FB1-CEA507DA869B}.Release|Any CPU.ActiveCfg = Release|Any CPU
		{0384A0DB-C6F3-4EF9-8FB1-CEA507DA869B}.Release|Any CPU.Build.0 = Release|Any CPU
	EndGlobalSection
EndGlobal
